// !$*UTF8*$!
{
	archiveVersion = 1;
	classes = {
	};
	objectVersion = 48;
	objects = {

/* Begin PBXBuildFile section */
		A95954DA204B449C00B0E356 /* AppDelegate.swift in Sources */ = {isa = PBXBuildFile; fileRef = A95954D9204B449C00B0E356 /* AppDelegate.swift */; };
		A95954DC204B449C00B0E356 /* ViewController.swift in Sources */ = {isa = PBXBuildFile; fileRef = A95954DB204B449C00B0E356 /* ViewController.swift */; };
		A95954DF204B449C00B0E356 /* Main.storyboard in Resources */ = {isa = PBXBuildFile; fileRef = A95954DD204B449C00B0E356 /* Main.storyboard */; };
		A95954E1204B449C00B0E356 /* Assets.xcassets in Resources */ = {isa = PBXBuildFile; fileRef = A95954E0204B449C00B0E356 /* Assets.xcassets */; };
		A95954E4204B449C00B0E356 /* LaunchScreen.storyboard in Resources */ = {isa = PBXBuildFile; fileRef = A95954E2204B449C00B0E356 /* LaunchScreen.storyboard */; };
		A95954EF204B449C00B0E356 /* Silly_SongTests.swift in Sources */ = {isa = PBXBuildFile; fileRef = A95954EE204B449C00B0E356 /* Silly_SongTests.swift */; };
		A95954FA204B449C00B0E356 /* Silly_SongUITests.swift in Sources */ = {isa = PBXBuildFile; fileRef = A95954F9204B449C00B0E356 /* Silly_SongUITests.swift */; };
/* End PBXBuildFile section */

/* Begin PBXContainerItemProxy section */
		A95954EB204B449C00B0E356 /* PBXContainerItemProxy */ = {
			isa = PBXContainerItemProxy;
			containerPortal = A95954CE204B449C00B0E356 /* Project object */;
			proxyType = 1;
			remoteGlobalIDString = A95954D5204B449C00B0E356;
			remoteInfo = "Silly Song";
		};
		A95954F6204B449C00B0E356 /* PBXContainerItemProxy */ = {
			isa = PBXContainerItemProxy;
			containerPortal = A95954CE204B449C00B0E356 /* Project object */;
			proxyType = 1;
			remoteGlobalIDString = A95954D5204B449C00B0E356;
			remoteInfo = "Silly Song";
		};
/* End PBXContainerItemProxy section */

/* Begin PBXFileReference section */
		A95954D6204B449C00B0E356 /* Silly Song.app */ = {isa = PBXFileReference; explicitFileType = wrapper.application; includeInIndex = 0; path = "Silly Song.app"; sourceTree = BUILT_PRODUCTS_DIR; };
		A95954D9204B449C00B0E356 /* AppDelegate.swift */ = {isa = PBXFileReference; lastKnownFileType = sourcecode.swift; path = AppDelegate.swift; sourceTree = "<group>"; };
		A95954DB204B449C00B0E356 /* ViewController.swift */ = {isa = PBXFileReference; lastKnownFileType = sourcecode.swift; path = ViewController.swift; sourceTree = "<group>"; };
		A95954DE204B449C00B0E356 /* Base */ = {isa = PBXFileReference; lastKnownFileType = file.storyboard; name = Base; path = Base.lproj/Main.storyboard; sourceTree = "<group>"; };
		A95954E0204B449C00B0E356 /* Assets.xcassets */ = {isa = PBXFileReference; lastKnownFileType = folder.assetcatalog; path = Assets.xcassets; sourceTree = "<group>"; };
		A95954E3204B449C00B0E356 /* Base */ = {isa = PBXFileReference; lastKnownFileType = file.storyboard; name = Base; path = Base.lproj/LaunchScreen.storyboard; sourceTree = "<group>"; };
		A95954E5204B449C00B0E356 /* Info.plist */ = {isa = PBXFileReference; lastKnownFileType = text.plist.xml; path = Info.plist; sourceTree = "<group>"; };
		A95954EA204B449C00B0E356 /* Silly SongTests.xctest */ = {isa = PBXFileReference; explicitFileType = wrapper.cfbundle; includeInIndex = 0; path = "Silly SongTests.xctest"; sourceTree = BUILT_PRODUCTS_DIR; };
		A95954EE204B449C00B0E356 /* Silly_SongTests.swift */ = {isa = PBXFileReference; lastKnownFileType = sourcecode.swift; path = Silly_SongTests.swift; sourceTree = "<group>"; };
		A95954F0204B449C00B0E356 /* Info.plist */ = {isa = PBXFileReference; lastKnownFileType = text.plist.xml; path = Info.plist; sourceTree = "<group>"; };
		A95954F5204B449C00B0E356 /* Silly SongUITests.xctest */ = {isa = PBXFileReference; explicitFileType = wrapper.cfbundle; includeInIndex = 0; path = "Silly SongUITests.xctest"; sourceTree = BUILT_PRODUCTS_DIR; };
		A95954F9204B449C00B0E356 /* Silly_SongUITests.swift */ = {isa = PBXFileReference; lastKnownFileType = sourcecode.swift; path = Silly_SongUITests.swift; sourceTree = "<group>"; };
		A95954FB204B449C00B0E356 /* Info.plist */ = {isa = PBXFileReference; lastKnownFileType = text.plist.xml; path = Info.plist; sourceTree = "<group>"; };
/* End PBXFileReference section */

/* Begin PBXFrameworksBuildPhase section */
		A95954D3204B449C00B0E356 /* Frameworks */ = {
			isa = PBXFrameworksBuildPhase;
			buildActionMask = 2147483647;
			files = (
			);
			runOnlyForDeploymentPostprocessing = 0;
		};
		A95954E7204B449C00B0E356 /* Frameworks */ = {
			isa = PBXFrameworksBuildPhase;
			buildActionMask = 2147483647;
			files = (
			);
			runOnlyForDeploymentPostprocessing = 0;
		};
		A95954F2204B449C00B0E356 /* Frameworks */ = {
			isa = PBXFrameworksBuildPhase;
			buildActionMask = 2147483647;
			files = (
			);
			runOnlyForDeploymentPostprocessing = 0;
		};
/* End PBXFrameworksBuildPhase section */

/* Begin PBXGroup section */
		A95954CD204B449C00B0E356 = {
			isa = PBXGroup;
			children = (
				A95954D8204B449C00B0E356 /* Silly Song */,
				A95954ED204B449C00B0E356 /* Silly SongTests */,
				A95954F8204B449C00B0E356 /* Silly SongUITests */,
				A95954D7204B449C00B0E356 /* Products */,
			);
			sourceTree = "<group>";
		};
		A95954D7204B449C00B0E356 /* Products */ = {
			isa = PBXGroup;
			children = (
				A95954D6204B449C00B0E356 /* Silly Song.app */,
				A95954EA204B449C00B0E356 /* Silly SongTests.xctest */,
				A95954F5204B449C00B0E356 /* Silly SongUITests.xctest */,
			);
			name = Products;
			sourceTree = "<group>";
		};
		A95954D8204B449C00B0E356 /* Silly Song */ = {
			isa = PBXGroup;
			children = (
				A95954D9204B449C00B0E356 /* AppDelegate.swift */,
				A95954DB204B449C00B0E356 /* ViewController.swift */,
				A95954DD204B449C00B0E356 /* Main.storyboard */,
				A95954E0204B449C00B0E356 /* Assets.xcassets */,
				A95954E2204B449C00B0E356 /* LaunchScreen.storyboard */,
				A95954E5204B449C00B0E356 /* Info.plist */,
			);
			path = "Silly Song";
			sourceTree = "<group>";
		};
		A95954ED204B449C00B0E356 /* Silly SongTests */ = {
			isa = PBXGroup;
			children = (
				A95954EE204B449C00B0E356 /* Silly_SongTests.swift */,
				A95954F0204B449C00B0E356 /* Info.plist */,
			);
			path = "Silly SongTests";
			sourceTree = "<group>";
		};
		A95954F8204B449C00B0E356 /* Silly SongUITests */ = {
			isa = PBXGroup;
			children = (
				A95954F9204B449C00B0E356 /* Silly_SongUITests.swift */,
				A95954FB204B449C00B0E356 /* Info.plist */,
			);
			path = "Silly SongUITests";
			sourceTree = "<group>";
		};
/* End PBXGroup section */

/* Begin PBXNativeTarget section */
		A95954D5204B449C00B0E356 /* Silly Song */ = {
			isa = PBXNativeTarget;
			buildConfigurationList = A95954FE204B449C00B0E356 /* Build configuration list for PBXNativeTarget "Silly Song" */;
			buildPhases = (
				A95954D2204B449C00B0E356 /* Sources */,
				A95954D3204B449C00B0E356 /* Frameworks */,
				A95954D4204B449C00B0E356 /* Resources */,
			);
			buildRules = (
			);
			dependencies = (
			);
			name = "Silly Song";
			productName = "Silly Song";
			productReference = A95954D6204B449C00B0E356 /* Silly Song.app */;
			productType = "com.apple.product-type.application";
		};
		A95954E9204B449C00B0E356 /* Silly SongTests */ = {
			isa = PBXNativeTarget;
			buildConfigurationList = A9595501204B449C00B0E356 /* Build configuration list for PBXNativeTarget "Silly SongTests" */;
			buildPhases = (
				A95954E6204B449C00B0E356 /* Sources */,
				A95954E7204B449C00B0E356 /* Frameworks */,
				A95954E8204B449C00B0E356 /* Resources */,
			);
			buildRules = (
			);
			dependencies = (
				A95954EC204B449C00B0E356 /* PBXTargetDependency */,
			);
			name = "Silly SongTests";
			productName = "Silly SongTests";
			productReference = A95954EA204B449C00B0E356 /* Silly SongTests.xctest */;
			productType = "com.apple.product-type.bundle.unit-test";
		};
		A95954F4204B449C00B0E356 /* Silly SongUITests */ = {
			isa = PBXNativeTarget;
			buildConfigurationList = A9595504204B449C00B0E356 /* Build configuration list for PBXNativeTarget "Silly SongUITests" */;
			buildPhases = (
				A95954F1204B449C00B0E356 /* Sources */,
				A95954F2204B449C00B0E356 /* Frameworks */,
				A95954F3204B449C00B0E356 /* Resources */,
			);
			buildRules = (
			);
			dependencies = (
				A95954F7204B449C00B0E356 /* PBXTargetDependency */,
			);
			name = "Silly SongUITests";
			productName = "Silly SongUITests";
			productReference = A95954F5204B449C00B0E356 /* Silly SongUITests.xctest */;
			productType = "com.apple.product-type.bundle.ui-testing";
		};
/* End PBXNativeTarget section */

/* Begin PBXProject section */
		A95954CE204B449C00B0E356 /* Project object */ = {
			isa = PBXProject;
			attributes = {
				LastSwiftUpdateCheck = 0920;
				LastUpgradeCheck = 0920;
				ORGANIZATIONNAME = "Juice Crawl";
				TargetAttributes = {
					A95954D5204B449C00B0E356 = {
						CreatedOnToolsVersion = 9.2;
						ProvisioningStyle = Automatic;
					};
					A95954E9204B449C00B0E356 = {
						CreatedOnToolsVersion = 9.2;
						ProvisioningStyle = Automatic;
						TestTargetID = A95954D5204B449C00B0E356;
					};
					A95954F4204B449C00B0E356 = {
						CreatedOnToolsVersion = 9.2;
						ProvisioningStyle = Automatic;
						TestTargetID = A95954D5204B449C00B0E356;
					};
				};
			};
			buildConfigurationList = A95954D1204B449C00B0E356 /* Build configuration list for PBXProject "Silly Song" */;
			compatibilityVersion = "Xcode 8.0";
			developmentRegion = en;
			hasScannedForEncodings = 0;
			knownRegions = (
				en,
				Base,
			);
			mainGroup = A95954CD204B449C00B0E356;
			productRefGroup = A95954D7204B449C00B0E356 /* Products */;
			projectDirPath = "";
			projectRoot = "";
			targets = (
				A95954D5204B449C00B0E356 /* Silly Song */,
				A95954E9204B449C00B0E356 /* Silly SongTests */,
				A95954F4204B449C00B0E356 /* Silly SongUITests */,
			);
		};
/* End PBXProject section */

/* Begin PBXResourcesBuildPhase section */
		A95954D4204B449C00B0E356 /* Resources */ = {
			isa = PBXResourcesBuildPhase;
			buildActionMask = 2147483647;
			files = (
				A95954E4204B449C00B0E356 /* LaunchScreen.storyboard in Resources */,
				A95954E1204B449C00B0E356 /* Assets.xcassets in Resources */,
				A95954DF204B449C00B0E356 /* Main.storyboard in Resources */,
			);
			runOnlyForDeploymentPostprocessing = 0;
		};
		A95954E8204B449C00B0E356 /* Resources */ = {
			isa = PBXResourcesBuildPhase;
			buildActionMask = 2147483647;
			files = (
			);
			runOnlyForDeploymentPostprocessing = 0;
		};
		A95954F3204B449C00B0E356 /* Resources */ = {
			isa = PBXResourcesBuildPhase;
			buildActionMask = 2147483647;
			files = (
			);
			runOnlyForDeploymentPostprocessing = 0;
		};
/* End PBXResourcesBuildPhase section */

/* Begin PBXSourcesBuildPhase section */
		A95954D2204B449C00B0E356 /* Sources */ = {
			isa = PBXSourcesBuildPhase;
			buildActionMask = 2147483647;
			files = (
				A95954DC204B449C00B0E356 /* ViewController.swift in Sources */,
				A95954DA204B449C00B0E356 /* AppDelegate.swift in Sources */,
			);
			runOnlyForDeploymentPostprocessing = 0;
		};
		A95954E6204B449C00B0E356 /* Sources */ = {
			isa = PBXSourcesBuildPhase;
			buildActionMask = 2147483647;
			files = (
				A95954EF204B449C00B0E356 /* Silly_SongTests.swift in Sources */,
			);
			runOnlyForDeploymentPostprocessing = 0;
		};
		A95954F1204B449C00B0E356 /* Sources */ = {
			isa = PBXSourcesBuildPhase;
			buildActionMask = 2147483647;
			files = (
				A95954FA204B449C00B0E356 /* Silly_SongUITests.swift in Sources */,
			);
			runOnlyForDeploymentPostprocessing = 0;
		};
/* End PBXSourcesBuildPhase section */

/* Begin PBXTargetDependency section */
		A95954EC204B449C00B0E356 /* PBXTargetDependency */ = {
			isa = PBXTargetDependency;
			target = A95954D5204B449C00B0E356 /* Silly Song */;
			targetProxy = A95954EB204B449C00B0E356 /* PBXContainerItemProxy */;
		};
		A95954F7204B449C00B0E356 /* PBXTargetDependency */ = {
			isa = PBXTargetDependency;
			target = A95954D5204B449C00B0E356 /* Silly Song */;
			targetProxy = A95954F6204B449C00B0E356 /* PBXContainerItemProxy */;
		};
/* End PBXTargetDependency section */

/* Begin PBXVariantGroup section */
		A95954DD204B449C00B0E356 /* Main.storyboard */ = {
			isa = PBXVariantGroup;
			children = (
				A95954DE204B449C00B0E356 /* Base */,
			);
			name = Main.storyboard;
			sourceTree = "<group>";
		};
		A95954E2204B449C00B0E356 /* LaunchScreen.storyboard */ = {
			isa = PBXVariantGroup;
			children = (
				A95954E3204B449C00B0E356 /* Base */,
			);
			name = LaunchScreen.storyboard;
			sourceTree = "<group>";
		};
/* End PBXVariantGroup section */

/* Begin XCBuildConfiguration section */
		A95954FC204B449C00B0E356 /* Debug */ = {
			isa = XCBuildConfiguration;
			buildSettings = {
				ALWAYS_SEARCH_USER_PATHS = NO;
				CLANG_ANALYZER_NONNULL = YES;
				CLANG_ANALYZER_NUMBER_OBJECT_CONVERSION = YES_AGGRESSIVE;
				CLANG_CXX_LANGUAGE_STANDARD = "gnu++14";
				CLANG_CXX_LIBRARY = "libc++";
				CLANG_ENABLE_MODULES = YES;
				CLANG_ENABLE_OBJC_ARC = YES;
				CLANG_WARN_BLOCK_CAPTURE_AUTORELEASING = YES;
				CLANG_WARN_BOOL_CONVERSION = YES;
				CLANG_WARN_COMMA = YES;
				CLANG_WARN_CONSTANT_CONVERSION = YES;
				CLANG_WARN_DIRECT_OBJC_ISA_USAGE = YES_ERROR;
				CLANG_WARN_DOCUMENTATION_COMMENTS = YES;
				CLANG_WARN_EMPTY_BODY = YES;
				CLANG_WARN_ENUM_CONVERSION = YES;
				CLANG_WARN_INFINITE_RECURSION = YES;
				CLANG_WARN_INT_CONVERSION = YES;
				CLANG_WARN_NON_LITERAL_NULL_CONVERSION = YES;
				CLANG_WARN_OBJC_LITERAL_CONVERSION = YES;
				CLANG_WARN_OBJC_ROOT_CLASS = YES_ERROR;
				CLANG_WARN_RANGE_LOOP_ANALYSIS = YES;
				CLANG_WARN_STRICT_PROTOTYPES = YES;
				CLANG_WARN_SUSPICIOUS_MOVE = YES;
				CLANG_WARN_UNGUARDED_AVAILABILITY = YES_AGGRESSIVE;
				CLANG_WARN_UNREACHABLE_CODE = YES;
				CLANG_WARN__DUPLICATE_METHOD_MATCH = YES;
				CODE_SIGN_IDENTITY = "iPhone Developer";
				COPY_PHASE_STRIP = NO;
				DEBUG_INFORMATION_FORMAT = dwarf;
				ENABLE_STRICT_OBJC_MSGSEND = YES;
				ENABLE_TESTABILITY = YES;
				GCC_C_LANGUAGE_STANDARD = gnu11;
				GCC_DYNAMIC_NO_PIC = NO;
				GCC_NO_COMMON_BLOCKS = YES;
				GCC_OPTIMIZATION_LEVEL = 0;
				GCC_PREPROCESSOR_DEFINITIONS = (
					"DEBUG=1",
					"$(inherited)",
				);
				GCC_WARN_64_TO_32_BIT_CONVERSION = YES;
				GCC_WARN_ABOUT_RETURN_TYPE = YES_ERROR;
				GCC_WARN_UNDECLARED_SELECTOR = YES;
				GCC_WARN_UNINITIALIZED_AUTOS = YES_AGGRESSIVE;
				GCC_WARN_UNUSED_FUNCTION = YES;
				GCC_WARN_UNUSED_VARIABLE = YES;
				IPHONEOS_DEPLOYMENT_TARGET = 11.2;
				MTL_ENABLE_DEBUG_INFO = YES;
				ONLY_ACTIVE_ARCH = YES;
				SDKROOT = iphoneos;
				SWIFT_ACTIVE_COMPILATION_CONDITIONS = DEBUG;
				SWIFT_OPTIMIZATION_LEVEL = "-Onone";
			};
			name = Debug;
		};
		A95954FD204B449C00B0E356 /* Release */ = {
			isa = XCBuildConfiguration;
			buildSettings = {
				ALWAYS_SEARCH_USER_PATHS = NO;
				CLANG_ANALYZER_NONNULL = YES;
				CLANG_ANALYZER_NUMBER_OBJECT_CONVERSION = YES_AGGRESSIVE;
				CLANG_CXX_LANGUAGE_STANDARD = "gnu++14";
				CLANG_CXX_LIBRARY = "libc++";
				CLANG_ENABLE_MODULES = YES;
				CLANG_ENABLE_OBJC_ARC = YES;
				CLANG_WARN_BLOCK_CAPTURE_AUTORELEASING = YES;
				CLANG_WARN_BOOL_CONVERSION = YES;
				CLANG_WARN_COMMA = YES;
				CLANG_WARN_CONSTANT_CONVERSION = YES;
				CLANG_WARN_DIRECT_OBJC_ISA_USAGE = YES_ERROR;
				CLANG_WARN_DOCUMENTATION_COMMENTS = YES;
				CLANG_WARN_EMPTY_BODY = YES;
				CLANG_WARN_ENUM_CONVERSION = YES;
				CLANG_WARN_INFINITE_RECURSION = YES;
				CLANG_WARN_INT_CONVERSION = YES;
				CLANG_WARN_NON_LITERAL_NULL_CONVERSION = YES;
				CLANG_WARN_OBJC_LITERAL_CONVERSION = YES;
				CLANG_WARN_OBJC_ROOT_CLASS = YES_ERROR;
				CLANG_WARN_RANGE_LOOP_ANALYSIS = YES;
				CLANG_WARN_STRICT_PROTOTYPES = YES;
				CLANG_WARN_SUSPICIOUS_MOVE = YES;
				CLANG_WARN_UNGUARDED_AVAILABILITY = YES_AGGRESSIVE;
				CLANG_WARN_UNREACHABLE_CODE = YES;
				CLANG_WARN__DUPLICATE_METHOD_MATCH = YES;
				CODE_SIGN_IDENTITY = "iPhone Developer";
				COPY_PHASE_STRIP = NO;
				DEBUG_INFORMATION_FORMAT = "dwarf-with-dsym";
				ENABLE_NS_ASSERTIONS = NO;
				ENABLE_STRICT_OBJC_MSGSEND = YES;
				GCC_C_LANGUAGE_STANDARD = gnu11;
				GCC_NO_COMMON_BLOCKS = YES;
				GCC_WARN_64_TO_32_BIT_CONVERSION = YES;
				GCC_WARN_ABOUT_RETURN_TYPE = YES_ERROR;
				GCC_WARN_UNDECLARED_SELECTOR = YES;
				GCC_WARN_UNINITIALIZED_AUTOS = YES_AGGRESSIVE;
				GCC_WARN_UNUSED_FUNCTION = YES;
				GCC_WARN_UNUSED_VARIABLE = YES;
				IPHONEOS_DEPLOYMENT_TARGET = 11.2;
				MTL_ENABLE_DEBUG_INFO = NO;
				SDKROOT = iphoneos;
				SWIFT_OPTIMIZATION_LEVEL = "-Owholemodule";
				VALIDATE_PRODUCT = YES;
			};
			name = Release;
		};
		A95954FF204B449C00B0E356 /* Debug */ = {
			isa = XCBuildConfiguration;
			buildSettings = {
				ASSETCATALOG_COMPILER_APPICON_NAME = AppIcon;
				CODE_SIGN_STYLE = Automatic;
				INFOPLIST_FILE = "Silly Song/Info.plist";
				LD_RUNPATH_SEARCH_PATHS = "$(inherited) @executable_path/Frameworks";
				PRODUCT_BUNDLE_IDENTIFIER = "com.juicecrawl.Silly-Song";
				PRODUCT_NAME = "$(TARGET_NAME)";
				SWIFT_VERSION = 4.0;
				TARGETED_DEVICE_FAMILY = "1,2";
			};
			name = Debug;
		};
		A9595500204B449C00B0E356 /* Release */ = {
			isa = XCBuildConfiguration;
			buildSettings = {
				ASSETCATALOG_COMPILER_APPICON_NAME = AppIcon;
				CODE_SIGN_STYLE = Automatic;
				INFOPLIST_FILE = "Silly Song/Info.plist";
				LD_RUNPATH_SEARCH_PATHS = "$(inherited) @executable_path/Frameworks";
				PRODUCT_BUNDLE_IDENTIFIER = "com.juicecrawl.Silly-Song";
				PRODUCT_NAME = "$(TARGET_NAME)";
				SWIFT_VERSION = 4.0;
				TARGETED_DEVICE_FAMILY = "1,2";
			};
			name = Release;
		};
		A9595502204B449C00B0E356 /* Debug */ = {
			isa = XCBuildConfiguration;
			buildSettings = {
				ALWAYS_EMBED_SWIFT_STANDARD_LIBRARIES = YES;
				BUNDLE_LOADER = "$(TEST_HOST)";
				CODE_SIGN_STYLE = Automatic;
				INFOPLIST_FILE = "Silly SongTests/Info.plist";
				LD_RUNPATH_SEARCH_PATHS = "$(inherited) @executable_path/Frameworks @loader_path/Frameworks";
				PRODUCT_BUNDLE_IDENTIFIER = "com.juicecrawl.Silly-SongTests";
				PRODUCT_NAME = "$(TARGET_NAME)";
				SWIFT_VERSION = 4.0;
				TARGETED_DEVICE_FAMILY = "1,2";
				TEST_HOST = "$(BUILT_PRODUCTS_DIR)/Silly Song.app/Silly Song";
			};
			name = Debug;
		};
		A9595503204B449C00B0E356 /* Release */ = {
			isa = XCBuildConfiguration;
			buildSettings = {
				ALWAYS_EMBED_SWIFT_STANDARD_LIBRARIES = YES;
				BUNDLE_LOADER = "$(TEST_HOST)";
				CODE_SIGN_STYLE = Automatic;
				INFOPLIST_FILE = "Silly SongTests/Info.plist";
				LD_RUNPATH_SEARCH_PATHS = "$(inherited) @executable_path/Frameworks @loader_path/Frameworks";
				PRODUCT_BUNDLE_IDENTIFIER = "com.juicecrawl.Silly-SongTests";
				PRODUCT_NAME = "$(TARGET_NAME)";
				SWIFT_VERSION = 4.0;
				TARGETED_DEVICE_FAMILY = "1,2";
				TEST_HOST = "$(BUILT_PRODUCTS_DIR)/Silly Song.app/Silly Song";
			};
			name = Release;
		};
		A9595505204B449C00B0E356 /* Debug */ = {
			isa = XCBuildConfiguration;
			buildSettings = {
				ALWAYS_EMBED_SWIFT_STANDARD_LIBRARIES = YES;
				CODE_SIGN_STYLE = Automatic;
				INFOPLIST_FILE = "Silly SongUITests/Info.plist";
				LD_RUNPATH_SEARCH_PATHS = "$(inherited) @executable_path/Frameworks @loader_path/Frameworks";
				PRODUCT_BUNDLE_IDENTIFIER = "com.juicecrawl.Silly-SongUITests";
				PRODUCT_NAME = "$(TARGET_NAME)";
				SWIFT_VERSION = 4.0;
				TARGETED_DEVICE_FAMILY = "1,2";
				TEST_TARGET_NAME = "Silly Song";
			};
			name = Debug;
		};
		A9595506204B449C00B0E356 /* Release */ = {
			isa = XCBuildConfiguration;
			buildSettings = {
				ALWAYS_EMBED_SWIFT_STANDARD_LIBRARIES = YES;
				CODE_SIGN_STYLE = Automatic;
				INFOPLIST_FILE = "Silly SongUITests/Info.plist";
				LD_RUNPATH_SEARCH_PATHS = "$(inherited) @executable_path/Frameworks @loader_path/Frameworks";
				PRODUCT_BUNDLE_IDENTIFIER = "com.juicecrawl.Silly-SongUITests";
				PRODUCT_NAME = "$(TARGET_NAME)";
				SWIFT_VERSION = 4.0;
				TARGETED_DEVICE_FAMILY = "1,2";
				TEST_TARGET_NAME = "Silly Song";
			};
			name = Release;
		};
/* End XCBuildConfiguration section */

/* Begin XCConfigurationList section */
		A95954D1204B449C00B0E356 /* Build configuration list for PBXProject "Silly Song" */ = {
			isa = XCConfigurationList;
			buildConfigurations = (
				A95954FC204B449C00B0E356 /* Debug */,
				A95954FD204B449C00B0E356 /* Release */,
			);
			defaultConfigurationIsVisible = 0;
			defaultConfigurationName = Release;
		};
		A95954FE204B449C00B0E356 /* Build configuration list for PBXNativeTarget "Silly Song" */ = {
			isa = XCConfigurationList;
			buildConfigurations = (
				A95954FF204B449C00B0E356 /* Debug */,
				A9595500204B449C00B0E356 /* Release */,
			);
			defaultConfigurationIsVisible = 0;
			defaultConfigurationName = Release;
		};
		A9595501204B449C00B0E356 /* Build configuration list for PBXNativeTarget "Silly SongTests" */ = {
			isa = XCConfigurationList;
			buildConfigurations = (
				A9595502204B449C00B0E356 /* Debug */,
				A9595503204B449C00B0E356 /* Release */,
			);
			defaultConfigurationIsVisible = 0;
			defaultConfigurationName = Release;
		};
		A9595504204B449C00B0E356 /* Build configuration list for PBXNativeTarget "Silly SongUITests" */ = {
			isa = XCConfigurationList;
			buildConfigurations = (
				A9595505204B449C00B0E356 /* Debug */,
				A9595506204B449C00B0E356 /* Release */,
			);
			defaultConfigurationIsVisible = 0;
			defaultConfigurationName = Release;
		};
/* End XCConfigurationList section */
	};
	rootObject = A95954CE204B449C00B0E356 /* Project object */;
}
